
Microsoft Visual Studio Solution File, Format Version 11.00
# Visual Studio 2010
Project("{FAE04EC0-301F-11D3-BF4B-00C04F79EFBC}") = "FightIO", "Assembly-CSharp-firstpass.csproj", "{302EE22E-2B82-A75D-D105-97B848D24D14}"
EndProject
Project("{FAE04EC0-301F-11D3-BF4B-00C04F79EFBC}") = "FightIO", "Assembly-CSharp.csproj", "{7D82A24B-10E2-9C83-EB67-7572F4352616}"
EndProject
Project("{FAE04EC0-301F-11D3-BF4B-00C04F79EFBC}") = "FightIO", "Assembly-CSharp-Editor-firstpass.csproj", "{76582C20-7D2A-9C8A-C392-1076F2C52A0A}"
EndProject
Project("{FAE04EC0-301F-11D3-BF4B-00C04F79EFBC}") = "FightIO", "Assembly-CSharp-Editor.csproj", "{6376CA90-A173-0750-E938-D2F1558FCD0E}"
EndProject
Global
	GlobalSection(SolutionConfigurationPlatforms) = preSolution
		Debug|Any CPU = Debug|Any CPU
		Release|Any CPU = Release|Any CPU
	EndGlobalSection
	GlobalSection(ProjectConfigurationPlatforms) = postSolution
		{302EE22E-2B82-A75D-D105-97B848D24D14}.Debug|Any CPU.ActiveCfg = Debug|Any CPU
		{302EE22E-2B82-A75D-D105-97B848D24D14}.Debug|Any CPU.Build.0 = Debug|Any CPU
		{302EE22E-2B82-A75D-D105-97B848D24D14}.Release|Any CPU.ActiveCfg = Release|Any CPU
		{302EE22E-2B82-A75D-D105-97B848D24D14}.Release|Any CPU.Build.0 = Release|Any CPU
		{7D82A24B-10E2-9C83-EB67-7572F4352616}.Debug|Any CPU.ActiveCfg = Debug|Any CPU
		{7D82A24B-10E2-9C83-EB67-7572F4352616}.Debug|Any CPU.Build.0 = Debug|Any CPU
		{7D82A24B-10E2-9C83-EB67-7572F4352616}.Release|Any CPU.ActiveCfg = Release|Any CPU
		{7D82A24B-10E2-9C83-EB67-7572F4352616}.Release|Any CPU.Build.0 = Release|Any CPU
		{76582C20-7D2A-9C8A-C392-1076F2C52A0A}.Debug|Any CPU.ActiveCfg = Debug|Any CPU
		{76582C20-7D2A-9C8A-C392-1076F2C52A0A}.Debug|Any CPU.Build.0 = Debug|Any CPU
		{76582C20-7D2A-9C8A-C392-1076F2C52A0A}.Release|Any CPU.ActiveCfg = Release|Any CPU
		{76582C20-7D2A-9C8A-C392-1076F2C52A0A}.Release|Any CPU.Build.0 = Release|Any CPU
		{6376CA90-A173-0750-E938-D2F1558FCD0E}.Debug|Any CPU.ActiveCfg = Debug|Any CPU
		{6376CA90-A173-0750-E938-D2F1558FCD0E}.Debug|Any CPU.Build.0 = Debug|Any CPU
		{6376CA90-A173-0750-E938-D2F1558FCD0E}.Release|Any CPU.ActiveCfg = Release|Any CPU
		{6376CA90-A173-0750-E938-D2F1558FCD0E}.Release|Any CPU.Build.0 = Release|Any CPU
	EndGlobalSection
	GlobalSection(SolutionProperties) = preSolution
		HideSolutionNode = FALSE
	EndGlobalSection
	GlobalSection(MonoDevelopProperties) = preSolution
		StartupItem = Assembly-CSharp.csproj
	EndGlobalSection
EndGlobal
